// !$*UTF8*$!
{
	archiveVersion = 1;
	classes = {
	};
	objectVersion = 56;
	objects = {

/* Begin PBXBuildFile section */
		93BE81EA2A74DB2C00435D32 /* CoreDataWithSwiftUiApp.swift in Sources */ = {isa = PBXBuildFile; fileRef = 93BE81E92A74DB2C00435D32 /* CoreDataWithSwiftUiApp.swift */; };
		93BE81EC2A74DB2C00435D32 /* ContentView.swift in Sources */ = {isa = PBXBuildFile; fileRef = 93BE81EB2A74DB2C00435D32 /* ContentView.swift */; };
		93BE81EE2A74DB2E00435D32 /* Assets.xcassets in Resources */ = {isa = PBXBuildFile; fileRef = 93BE81ED2A74DB2E00435D32 /* Assets.xcassets */; };
		93BE81F12A74DB2E00435D32 /* Preview Assets.xcassets in Resources */ = {isa = PBXBuildFile; fileRef = 93BE81F02A74DB2E00435D32 /* Preview Assets.xcassets */; };
		93BE81F62A74DB2E00435D32 /* CoreDataWithSwiftUi.xcdatamodeld in Sources */ = {isa = PBXBuildFile; fileRef = 93BE81F42A74DB2E00435D32 /* CoreDataWithSwiftUi.xcdatamodeld */; };
		93BE81FD2A74DB9200435D32 /* AddProductView.swift in Sources */ = {isa = PBXBuildFile; fileRef = 93BE81FC2A74DB9200435D32 /* AddProductView.swift */; };
		93BE81FF2A74DBB700435D32 /* RatingView.swift in Sources */ = {isa = PBXBuildFile; fileRef = 93BE81FE2A74DBB700435D32 /* RatingView.swift */; };
		93BE82012A74DBD500435D32 /* ProductDetailVIew.swift in Sources */ = {isa = PBXBuildFile; fileRef = 93BE82002A74DBD500435D32 /* ProductDetailVIew.swift */; };
		93BE82032A74DBF000435D32 /* DataController.swift in Sources */ = {isa = PBXBuildFile; fileRef = 93BE82022A74DBF000435D32 /* DataController.swift */; };
/* End PBXBuildFile section */

/* Begin PBXFileReference section */
		93BE81E62A74DB2C00435D32 /* CoreDataWithSwiftUi.app */ = {isa = PBXFileReference; explicitFileType = wrapper.application; includeInIndex = 0; path = CoreDataWithSwiftUi.app; sourceTree = BUILT_PRODUCTS_DIR; };
		93BE81E92A74DB2C00435D32 /* CoreDataWithSwiftUiApp.swift */ = {isa = PBXFileReference; lastKnownFileType = sourcecode.swift; path = CoreDataWithSwiftUiApp.swift; sourceTree = "<group>"; };
		93BE81EB2A74DB2C00435D32 /* ContentView.swift */ = {isa = PBXFileReference; lastKnownFileType = sourcecode.swift; path = ContentView.swift; sourceTree = "<group>"; };
		93BE81ED2A74DB2E00435D32 /* Assets.xcassets */ = {isa = PBXFileReference; lastKnownFileType = folder.assetcatalog; path = Assets.xcassets; sourceTree = "<group>"; };
		93BE81F02A74DB2E00435D32 /* Preview Assets.xcassets */ = {isa = PBXFileReference; lastKnownFileType = folder.assetcatalog; path = "Preview Assets.xcassets"; sourceTree = "<group>"; };
		93BE81F52A74DB2E00435D32 /* CoreDataWithSwiftUi.xcdatamodel */ = {isa = PBXFileReference; lastKnownFileType = wrapper.xcdatamodel; path = CoreDataWithSwiftUi.xcdatamodel; sourceTree = "<group>"; };
		93BE81FC2A74DB9200435D32 /* AddProductView.swift */ = {isa = PBXFileReference; lastKnownFileType = sourcecode.swift; path = AddProductView.swift; sourceTree = "<group>"; };
		93BE81FE2A74DBB700435D32 /* RatingView.swift */ = {isa = PBXFileReference; lastKnownFileType = sourcecode.swift; path = RatingView.swift; sourceTree = "<group>"; };
		93BE82002A74DBD500435D32 /* ProductDetailVIew.swift */ = {isa = PBXFileReference; lastKnownFileType = sourcecode.swift; path = ProductDetailVIew.swift; sourceTree = "<group>"; };
		93BE82022A74DBF000435D32 /* DataController.swift */ = {isa = PBXFileReference; lastKnownFileType = sourcecode.swift; path = DataController.swift; sourceTree = "<group>"; };
/* End PBXFileReference section */

/* Begin PBXFrameworksBuildPhase section */
		93BE81E32A74DB2C00435D32 /* Frameworks */ = {
			isa = PBXFrameworksBuildPhase;
			buildActionMask = 2147483647;
			files = (
			);
			runOnlyForDeploymentPostprocessing = 0;
		};
/* End PBXFrameworksBuildPhase section */

/* Begin PBXGroup section */
		93BE81DD2A74DB2C00435D32 = {
			isa = PBXGroup;
			children = (
				93BE81E82A74DB2C00435D32 /* CoreDataWithSwiftUi */,
				93BE81E72A74DB2C00435D32 /* Products */,
			);
			sourceTree = "<group>";
		};
		93BE81E72A74DB2C00435D32 /* Products */ = {
			isa = PBXGroup;
			children = (
				93BE81E62A74DB2C00435D32 /* CoreDataWithSwiftUi.app */,
			);
			name = Products;
			sourceTree = "<group>";
		};
		93BE81E82A74DB2C00435D32 /* CoreDataWithSwiftUi */ = {
			isa = PBXGroup;
			children = (
				93BE81E92A74DB2C00435D32 /* CoreDataWithSwiftUiApp.swift */,
				93BE81EB2A74DB2C00435D32 /* ContentView.swift */,
				93BE81ED2A74DB2E00435D32 /* Assets.xcassets */,
				93BE81F42A74DB2E00435D32 /* CoreDataWithSwiftUi.xcdatamodeld */,
				93BE81EF2A74DB2E00435D32 /* Preview Content */,
				93BE81FC2A74DB9200435D32 /* AddProductView.swift */,
				93BE81FE2A74DBB700435D32 /* RatingView.swift */,
				93BE82002A74DBD500435D32 /* ProductDetailVIew.swift */,
				93BE82022A74DBF000435D32 /* DataController.swift */,
			);
			path = CoreDataWithSwiftUi;
			sourceTree = "<group>";
		};
		93BE81EF2A74DB2E00435D32 /* Preview Content */ = {
			isa = PBXGroup;
			children = (
				93BE81F02A74DB2E00435D32 /* Preview Assets.xcassets */,
			);
			path = "Preview Content";
			sourceTree = "<group>";
		};
/* End PBXGroup section */

/* Begin PBXNativeTarget section */
		93BE81E52A74DB2C00435D32 /* CoreDataWithSwiftUi */ = {
			isa = PBXNativeTarget;
			buildConfigurationList = 93BE81F92A74DB2E00435D32 /* Build configuration list for PBXNativeTarget "CoreDataWithSwiftUi" */;
			buildPhases = (
				93BE81E22A74DB2C00435D32 /* Sources */,
				93BE81E32A74DB2C00435D32 /* Frameworks */,
				93BE81E42A74DB2C00435D32 /* Resources */,
			);
			buildRules = (
			);
			dependencies = (
			);
			name = CoreDataWithSwiftUi;
			productName = CoreDataWithSwiftUi;
			productReference = 93BE81E62A74DB2C00435D32 /* CoreDataWithSwiftUi.app */;
			productType = "com.apple.product-type.application";
		};
/* End PBXNativeTarget section */

/* Begin PBXProject section */
		93BE81DE2A74DB2C00435D32 /* Project object */ = {
			isa = PBXProject;
			attributes = {
				BuildIndependentTargetsInParallel = 1;
				LastSwiftUpdateCheck = 1410;
				LastUpgradeCheck = 1410;
				TargetAttributes = {
					93BE81E52A74DB2C00435D32 = {
						CreatedOnToolsVersion = 14.1;
					};
				};
			};
			buildConfigurationList = 93BE81E12A74DB2C00435D32 /* Build configuration list for PBXProject "CoreDataWithSwiftUi" */;
			compatibilityVersion = "Xcode 14.0";
			developmentRegion = en;
			hasScannedForEncodings = 0;
			knownRegions = (
				en,
				Base,
			);
			mainGroup = 93BE81DD2A74DB2C00435D32;
			productRefGroup = 93BE81E72A74DB2C00435D32 /* Products */;
			projectDirPath = "";
			projectRoot = "";
			targets = (
				93BE81E52A74DB2C00435D32 /* CoreDataWithSwiftUi */,
			);
		};
/* End PBXProject section */

/* Begin PBXResourcesBuildPhase section */
		93BE81E42A74DB2C00435D32 /* Resources */ = {
			isa = PBXResourcesBuildPhase;
			buildActionMask = 2147483647;
			files = (
				93BE81F12A74DB2E00435D32 /* Preview Assets.xcassets in Resources */,
				93BE81EE2A74DB2E00435D32 /* Assets.xcassets in Resources */,
			);
			runOnlyForDeploymentPostprocessing = 0;
		};
/* End PBXResourcesBuildPhase section */

/* Begin PBXSourcesBuildPhase section */
		93BE81E22A74DB2C00435D32 /* Sources */ = {
			isa = PBXSourcesBuildPhase;
			buildActionMask = 2147483647;
			files = (
				93BE81F62A74DB2E00435D32 /* CoreDataWithSwiftUi.xcdatamodeld in Sources */,
				93BE81EC2A74DB2C00435D32 /* ContentView.swift in Sources */,
				93BE81FF2A74DBB700435D32 /* RatingView.swift in Sources */,
				93BE82012A74DBD500435D32 /* ProductDetailVIew.swift in Sources */,
				93BE82032A74DBF000435D32 /* DataController.swift in Sources */,
				93BE81EA2A74DB2C00435D32 /* CoreDataWithSwiftUiApp.swift in Sources */,
				93BE81FD2A74DB9200435D32 /* AddProductView.swift in Sources */,
			);
			runOnlyForDeploymentPostprocessing = 0;
		};
/* End PBXSourcesBuildPhase section */

/* Begin XCBuildConfiguration section */
		93BE81F72A74DB2E00435D32 /* Debug */ = {
			isa = XCBuildConfiguration;
			buildSettings = {
				ALWAYS_SEARCH_USER_PATHS = NO;
				CLANG_ANALYZER_NONNULL = YES;
				CLANG_ANALYZER_NUMBER_OBJECT_CONVERSION = YES_AGGRESSIVE;
				CLANG_CXX_LANGUAGE_STANDARD = "gnu++20";
				CLANG_ENABLE_MODULES = YES;
				CLANG_ENABLE_OBJC_ARC = YES;
				CLANG_ENABLE_OBJC_WEAK = YES;
				CLANG_WARN_BLOCK_CAPTURE_AUTORELEASING = YES;
				CLANG_WARN_BOOL_CONVERSION = YES;
				CLANG_WARN_COMMA = YES;
				CLANG_WARN_CONSTANT_CONVERSION = YES;
				CLANG_WARN_DEPRECATED_OBJC_IMPLEMENTATIONS = YES;
				CLANG_WARN_DIRECT_OBJC_ISA_USAGE = YES_ERROR;
				CLANG_WARN_DOCUMENTATION_COMMENTS = YES;
				CLANG_WARN_EMPTY_BODY = YES;
				CLANG_WARN_ENUM_CONVERSION = YES;
				CLANG_WARN_INFINITE_RECURSION = YES;
				CLANG_WARN_INT_CONVERSION = YES;
				CLANG_WARN_NON_LITERAL_NULL_CONVERSION = YES;
				CLANG_WARN_OBJC_IMPLICIT_RETAIN_SELF = YES;
				CLANG_WARN_OBJC_LITERAL_CONVERSION = YES;
				CLANG_WARN_OBJC_ROOT_CLASS = YES_ERROR;
				CLANG_WARN_QUOTED_INCLUDE_IN_FRAMEWORK_HEADER = YES;
				CLANG_WARN_RANGE_LOOP_ANALYSIS = YES;
				CLANG_WARN_STRICT_PROTOTYPES = YES;
				CLANG_WARN_SUSPICIOUS_MOVE = YES;
				CLANG_WARN_UNGUARDED_AVAILABILITY = YES_AGGRESSIVE;
				CLANG_WARN_UNREACHABLE_CODE = YES;
				CLANG_WARN__DUPLICATE_METHOD_MATCH = YES;
				COPY_PHASE_STRIP = NO;
				DEBUG_INFORMATION_FORMAT = dwarf;
				ENABLE_STRICT_OBJC_MSGSEND = YES;
				ENABLE_TESTABILITY = YES;
				GCC_C_LANGUAGE_STANDARD = gnu11;
				GCC_DYNAMIC_NO_PIC = NO;
				GCC_NO_COMMON_BLOCKS = YES;
				GCC_OPTIMIZATION_LEVEL = 0;
				GCC_PREPROCESSOR_DEFINITIONS = (
					"DEBUG=1",
					"$(inherited)",
				);
				GCC_WARN_64_TO_32_BIT_CONVERSION = YES;
				GCC_WARN_ABOUT_RETURN_TYPE = YES_ERROR;
				GCC_WARN_UNDECLARED_SELECTOR = YES;
				GCC_WARN_UNINITIALIZED_AUTOS = YES_AGGRESSIVE;
				GCC_WARN_UNUSED_FUNCTION = YES;
				GCC_WARN_UNUSED_VARIABLE = YES;
				IPHONEOS_DEPLOYMENT_TARGET = 16.1;
				MTL_ENABLE_DEBUG_INFO = INCLUDE_SOURCE;
				MTL_FAST_MATH = YES;
				ONLY_ACTIVE_ARCH = YES;
				SDKROOT = iphoneos;
				SWIFT_ACTIVE_COMPILATION_CONDITIONS = DEBUG;
				SWIFT_OPTIMIZATION_LEVEL = "-Onone";
			};
			name = Debug;
		};
		93BE81F82A74DB2E00435D32 /* Release */ = {
			isa = XCBuildConfiguration;
			buildSettings = {
				ALWAYS_SEARCH_USER_PATHS = NO;
				CLANG_ANALYZER_NONNULL = YES;
				CLANG_ANALYZER_NUMBER_OBJECT_CONVERSION = YES_AGGRESSIVE;
				CLANG_CXX_LANGUAGE_STANDARD = "gnu++20";
				CLANG_ENABLE_MODULES = YES;
				CLANG_ENABLE_OBJC_ARC = YES;
				CLANG_ENABLE_OBJC_WEAK = YES;
				CLANG_WARN_BLOCK_CAPTURE_AUTORELEASING = YES;
				CLANG_WARN_BOOL_CONVERSION = YES;
				CLANG_WARN_COMMA = YES;
				CLANG_WARN_CONSTANT_CONVERSION = YES;
				CLANG_WARN_DEPRECATED_OBJC_IMPLEMENTATIONS = YES;
				CLANG_WARN_DIRECT_OBJC_ISA_USAGE = YES_ERROR;
				CLANG_WARN_DOCUMENTATION_COMMENTS = YES;
				CLANG_WARN_EMPTY_BODY = YES;
				CLANG_WARN_ENUM_CONVERSION = YES;
				CLANG_WARN_INFINITE_RECURSION = YES;
				CLANG_WARN_INT_CONVERSION = YES;
				CLANG_WARN_NON_LITERAL_NULL_CONVERSION = YES;
				CLANG_WARN_OBJC_IMPLICIT_RETAIN_SELF = YES;
				CLANG_WARN_OBJC_LITERAL_CONVERSION = YES;
				CLANG_WARN_OBJC_ROOT_CLASS = YES_ERROR;
				CLANG_WARN_QUOTED_INCLUDE_IN_FRAMEWORK_HEADER = YES;
				CLANG_WARN_RANGE_LOOP_ANALYSIS = YES;
				CLANG_WARN_STRICT_PROTOTYPES = YES;
				CLANG_WARN_SUSPICIOUS_MOVE = YES;
				CLANG_WARN_UNGUARDED_AVAILABILITY = YES_AGGRESSIVE;
				CLANG_WARN_UNREACHABLE_CODE = YES;
				CLANG_WARN__DUPLICATE_METHOD_MATCH = YES;
				COPY_PHASE_STRIP = NO;
				DEBUG_INFORMATION_FORMAT = "dwarf-with-dsym";
				ENABLE_NS_ASSERTIONS = NO;
				ENABLE_STRICT_OBJC_MSGSEND = YES;
				GCC_C_LANGUAGE_STANDARD = gnu11;
				GCC_NO_COMMON_BLOCKS = YES;
				GCC_WARN_64_TO_32_BIT_CONVERSION = YES;
				GCC_WARN_ABOUT_RETURN_TYPE = YES_ERROR;
				GCC_WARN_UNDECLARED_SELECTOR = YES;
				GCC_WARN_UNINITIALIZED_AUTOS = YES_AGGRESSIVE;
				GCC_WARN_UNUSED_FUNCTION = YES;
				GCC_WARN_UNUSED_VARIABLE = YES;
				IPHONEOS_DEPLOYMENT_TARGET = 16.1;
				MTL_ENABLE_DEBUG_INFO = NO;
				MTL_FAST_MATH = YES;
				SDKROOT = iphoneos;
				SWIFT_COMPILATION_MODE = wholemodule;
				SWIFT_OPTIMIZATION_LEVEL = "-O";
				VALIDATE_PRODUCT = YES;
			};
			name = Release;
		};
		93BE81FA2A74DB2E00435D32 /* Debug */ = {
			isa = XCBuildConfiguration;
			buildSettings = {
				ASSETCATALOG_COMPILER_APPICON_NAME = AppIcon;
				ASSETCATALOG_COMPILER_GLOBAL_ACCENT_COLOR_NAME = AccentColor;
				CODE_SIGN_STYLE = Automatic;
				CURRENT_PROJECT_VERSION = 1;
				DEVELOPMENT_ASSET_PATHS = "\"CoreDataWithSwiftUi/Preview Content\"";
				DEVELOPMENT_TEAM = 99485X5JU5;
				ENABLE_PREVIEWS = YES;
				GENERATE_INFOPLIST_FILE = YES;
				INFOPLIST_KEY_UIApplicationSceneManifest_Generation = YES;
				INFOPLIST_KEY_UIApplicationSupportsIndirectInputEvents = YES;
				INFOPLIST_KEY_UILaunchScreen_Generation = YES;
				INFOPLIST_KEY_UISupportedInterfaceOrientations_iPad = "UIInterfaceOrientationPortrait UIInterfaceOrientationPortraitUpsideDown UIInterfaceOrientationLandscapeLeft UIInterfaceOrientationLandscapeRight";
				INFOPLIST_KEY_UISupportedInterfaceOrientations_iPhone = "UIInterfaceOrientationPortrait UIInterfaceOrientationLandscapeLeft UIInterfaceOrientationLandscapeRight";
				LD_RUNPATH_SEARCH_PATHS = (
					"$(inherited)",
					"@executable_path/Frameworks",
				);
				MARKETING_VERSION = 1.0;
				PRODUCT_BUNDLE_IDENTIFIER = io.gauravtak.CoreDataWithSwiftUi;
				PRODUCT_NAME = "$(TARGET_NAME)";
				SWIFT_EMIT_LOC_STRINGS = YES;
				SWIFT_VERSION = 5.0;
				TARGETED_DEVICE_FAMILY = "1,2";
			};
			name = Debug;
		};
		93BE81FB2A74DB2E00435D32 /* Release */ = {
			isa = XCBuildConfiguration;
			buildSettings = {
				ASSETCATALOG_COMPILER_APPICON_NAME = AppIcon;
				ASSETCATALOG_COMPILER_GLOBAL_ACCENT_COLOR_NAME = AccentColor;
				CODE_SIGN_STYLE = Automatic;
				CURRENT_PROJECT_VERSION = 1;
				DEVELOPMENT_ASSET_PATHS = "\"CoreDataWithSwiftUi/Preview Content\"";
				DEVELOPMENT_TEAM = 99485X5JU5;
				ENABLE_PREVIEWS = YES;
				GENERATE_INFOPLIST_FILE = YES;
				INFOPLIST_KEY_UIApplicationSceneManifest_Generation = YES;
				INFOPLIST_KEY_UIApplicationSupportsIndirectInputEvents = YES;
				INFOPLIST_KEY_UILaunchScreen_Generation = YES;
				INFOPLIST_KEY_UISupportedInterfaceOrientations_iPad = "UIInterfaceOrientationPortrait UIInterfaceOrientationPortraitUpsideDown UIInterfaceOrientationLandscapeLeft UIInterfaceOrientationLandscapeRight";
				INFOPLIST_KEY_UISupportedInterfaceOrientations_iPhone = "UIInterfaceOrientationPortrait UIInterfaceOrientationLandscapeLeft UIInterfaceOrientationLandscapeRight";
				LD_RUNPATH_SEARCH_PATHS = (
					"$(inherited)",
					"@executable_path/Frameworks",
				);
				MARKETING_VERSION = 1.0;
				PRODUCT_BUNDLE_IDENTIFIER = io.gauravtak.CoreDataWithSwiftUi;
				PRODUCT_NAME = "$(TARGET_NAME)";
				SWIFT_EMIT_LOC_STRINGS = YES;
				SWIFT_VERSION = 5.0;
				TARGETED_DEVICE_FAMILY = "1,2";
			};
			name = Release;
		};
/* End XCBuildConfiguration section */

/* Begin XCConfigurationList section */
		93BE81E12A74DB2C00435D32 /* Build configuration list for PBXProject "CoreDataWithSwiftUi" */ = {
			isa = XCConfigurationList;
			buildConfigurations = (
				93BE81F72A74DB2E00435D32 /* Debug */,
				93BE81F82A74DB2E00435D32 /* Release */,
			);
			defaultConfigurationIsVisible = 0;
			defaultConfigurationName = Release;
		};
		93BE81F92A74DB2E00435D32 /* Build configuration list for PBXNativeTarget "CoreDataWithSwiftUi" */ = {
			isa = XCConfigurationList;
			buildConfigurations = (
				93BE81FA2A74DB2E00435D32 /* Debug */,
				93BE81FB2A74DB2E00435D32 /* Release */,
			);
			defaultConfigurationIsVisible = 0;
			defaultConfigurationName = Release;
		};
/* End XCConfigurationList section */

/* Begin XCVersionGroup section */
		93BE81F42A74DB2E00435D32 /* CoreDataWithSwiftUi.xcdatamodeld */ = {
			isa = XCVersionGroup;
			children = (
				93BE81F52A74DB2E00435D32 /* CoreDataWithSwiftUi.xcdatamodel */,
			);
			currentVersion = 93BE81F52A74DB2E00435D32 /* CoreDataWithSwiftUi.xcdatamodel */;
			path = CoreDataWithSwiftUi.xcdatamodeld;
			sourceTree = "<group>";
			versionGroupType = wrapper.xcdatamodel;
		};
/* End XCVersionGroup section */
	};
	rootObject = 93BE81DE2A74DB2C00435D32 /* Project object */;
}
